
Microsoft Visual Studio Solution File, Format Version 12.00
# Visual Studio Version 17
VisualStudioVersion = 17.9.34723.18
MinimumVisualStudioVersion = 10.0.40219.1
Project("{C7167F0D-BC9F-4E6E-AFE1-012C56B48DB5}") = "FirstWinUI (Package)", "FirstWinUI\FirstWinUI (Package)\FirstWinUI (Package).wapproj", "{11A793E6-DA28-4D12-B5CA-A56307FD5350}"
EndProject
Project("{9A19103F-16F7-4668-BE54-9A1E7A4F7556}") = "FirstWinUI", "FirstWinUI\FirstWinUI\FirstWinUI.csproj", "{2C929281-8A70-4144-845B-773BA90A183E}"
EndProject
Project("{9A19103F-16F7-4668-BE54-9A1E7A4F7556}") = "ViewModelBinding", "ViewModelBinding\ViewModelBinding.csproj", "{2D67A4CD-5B6B-4F0A-99A5-0B722364A655}"
EndProject
Project("{9A19103F-16F7-4668-BE54-9A1E7A4F7556}") = "ViewModelBinding.Core", "ViewModelBinding.Core\ViewModelBinding.Core.csproj", "{C0E12ED5-AF1B-460F-8DF8-472E9ADEAF2F}"
EndProject
Global
	GlobalSection(SolutionConfigurationPlatforms) = preSolution
		Debug|Any CPU = Debug|Any CPU
		Debug|ARM64 = Debug|ARM64
		Debug|x64 = Debug|x64
		Debug|x86 = Debug|x86
		Release|Any CPU = Release|Any CPU
		Release|ARM64 = Release|ARM64
		Release|x64 = Release|x64
		Release|x86 = Release|x86
	EndGlobalSection
	GlobalSection(ProjectConfigurationPlatforms) = postSolution
		{11A793E6-DA28-4D12-B5CA-A56307FD5350}.Debug|Any CPU.ActiveCfg = Debug|x64
		{11A793E6-DA28-4D12-B5CA-A56307FD5350}.Debug|Any CPU.Build.0 = Debug|x64
		{11A793E6-DA28-4D12-B5CA-A56307FD5350}.Debug|Any CPU.Deploy.0 = Debug|x64
		{11A793E6-DA28-4D12-B5CA-A56307FD5350}.Debug|ARM64.ActiveCfg = Debug|ARM64
		{11A793E6-DA28-4D12-B5CA-A56307FD5350}.Debug|ARM64.Build.0 = Debug|ARM64
		{11A793E6-DA28-4D12-B5CA-A56307FD5350}.Debug|ARM64.Deploy.0 = Debug|ARM64
		{11A793E6-DA28-4D12-B5CA-A56307FD5350}.Debug|x64.ActiveCfg = Debug|x64
		{11A793E6-DA28-4D12-B5CA-A56307FD5350}.Debug|x64.Build.0 = Debug|x64
		{11A793E6-DA28-4D12-B5CA-A56307FD5350}.Debug|x64.Deploy.0 = Debug|x64
		{11A793E6-DA28-4D12-B5CA-A56307FD5350}.Debug|x86.ActiveCfg = Debug|x86
		{11A793E6-DA28-4D12-B5CA-A56307FD5350}.Debug|x86.Build.0 = Debug|x86
		{11A793E6-DA28-4D12-B5CA-A56307FD5350}.Debug|x86.Deploy.0 = Debug|x86
		{11A793E6-DA28-4D12-B5CA-A56307FD5350}.Release|Any CPU.ActiveCfg = Release|x64
		{11A793E6-DA28-4D12-B5CA-A56307FD5350}.Release|Any CPU.Build.0 = Release|x64
		{11A793E6-DA28-4D12-B5CA-A56307FD5350}.Release|Any CPU.Deploy.0 = Release|x64
		{11A793E6-DA28-4D12-B5CA-A56307FD5350}.Release|ARM64.ActiveCfg = Release|ARM64
		{11A793E6-DA28-4D12-B5CA-A56307FD5350}.Release|ARM64.Build.0 = Release|ARM64
		{11A793E6-DA28-4D12-B5CA-A56307FD5350}.Release|ARM64.Deploy.0 = Release|ARM64
		{11A793E6-DA28-4D12-B5CA-A56307FD5350}.Release|x64.ActiveCfg = Release|x64
		{11A793E6-DA28-4D12-B5CA-A56307FD5350}.Release|x64.Build.0 = Release|x64
		{11A793E6-DA28-4D12-B5CA-A56307FD5350}.Release|x64.Deploy.0 = Release|x64
		{11A793E6-DA28-4D12-B5CA-A56307FD5350}.Release|x86.ActiveCfg = Release|x86
		{11A793E6-DA28-4D12-B5CA-A56307FD5350}.Release|x86.Build.0 = Release|x86
		{11A793E6-DA28-4D12-B5CA-A56307FD5350}.Release|x86.Deploy.0 = Release|x86
		{2C929281-8A70-4144-845B-773BA90A183E}.Debug|Any CPU.ActiveCfg = Debug|x64
		{2C929281-8A70-4144-845B-773BA90A183E}.Debug|Any CPU.Build.0 = Debug|x64
		{2C929281-8A70-4144-845B-773BA90A183E}.Debug|ARM64.ActiveCfg = Debug|ARM64
		{2C929281-8A70-4144-845B-773BA90A183E}.Debug|ARM64.Build.0 = Debug|ARM64
		{2C929281-8A70-4144-845B-773BA90A183E}.Debug|x64.ActiveCfg = Debug|x64
		{2C929281-8A70-4144-845B-773BA90A183E}.Debug|x64.Build.0 = Debug|x64
		{2C929281-8A70-4144-845B-773BA90A183E}.Debug|x86.ActiveCfg = Debug|x86
		{2C929281-8A70-4144-845B-773BA90A183E}.Debug|x86.Build.0 = Debug|x86
		{2C929281-8A70-4144-845B-773BA90A183E}.Release|Any CPU.ActiveCfg = Release|x64
		{2C929281-8A70-4144-845B-773BA90A183E}.Release|Any CPU.Build.0 = Release|x64
		{2C929281-8A70-4144-845B-773BA90A183E}.Release|ARM64.ActiveCfg = Release|ARM64
		{2C929281-8A70-4144-845B-773BA90A183E}.Release|ARM64.Build.0 = Release|ARM64
		{2C929281-8A70-4144-845B-773BA90A183E}.Release|x64.ActiveCfg = Release|x64
		{2C929281-8A70-4144-845B-773BA90A183E}.Release|x64.Build.0 = Release|x64
		{2C929281-8A70-4144-845B-773BA90A183E}.Release|x86.ActiveCfg = Release|x86
		{2C929281-8A70-4144-845B-773BA90A183E}.Release|x86.Build.0 = Release|x86
		{2D67A4CD-5B6B-4F0A-99A5-0B722364A655}.Debug|Any CPU.ActiveCfg = Debug|x64
		{2D67A4CD-5B6B-4F0A-99A5-0B722364A655}.Debug|Any CPU.Build.0 = Debug|x64
		{2D67A4CD-5B6B-4F0A-99A5-0B722364A655}.Debug|Any CPU.Deploy.0 = Debug|x64
		{2D67A4CD-5B6B-4F0A-99A5-0B722364A655}.Debug|ARM64.ActiveCfg = Debug|arm64
		{2D67A4CD-5B6B-4F0A-99A5-0B722364A655}.Debug|ARM64.Build.0 = Debug|arm64
		{2D67A4CD-5B6B-4F0A-99A5-0B722364A655}.Debug|ARM64.Deploy.0 = Debug|arm64
		{2D67A4CD-5B6B-4F0A-99A5-0B722364A655}.Debug|x64.ActiveCfg = Debug|x64
		{2D67A4CD-5B6B-4F0A-99A5-0B722364A655}.Debug|x64.Build.0 = Debug|x64
		{2D67A4CD-5B6B-4F0A-99A5-0B722364A655}.Debug|x64.Deploy.0 = Debug|x64
		{2D67A4CD-5B6B-4F0A-99A5-0B722364A655}.Debug|x86.ActiveCfg = Debug|x86
		{2D67A4CD-5B6B-4F0A-99A5-0B722364A655}.Debug|x86.Build.0 = Debug|x86
		{2D67A4CD-5B6B-4F0A-99A5-0B722364A655}.Debug|x86.Deploy.0 = Debug|x86
		{2D67A4CD-5B6B-4F0A-99A5-0B722364A655}.Release|Any CPU.ActiveCfg = Release|x64
		{2D67A4CD-5B6B-4F0A-99A5-0B722364A655}.Release|Any CPU.Build.0 = Release|x64
		{2D67A4CD-5B6B-4F0A-99A5-0B722364A655}.Release|Any CPU.Deploy.0 = Release|x64
		{2D67A4CD-5B6B-4F0A-99A5-0B722364A655}.Release|ARM64.ActiveCfg = Release|arm64
		{2D67A4CD-5B6B-4F0A-99A5-0B722364A655}.Release|ARM64.Build.0 = Release|arm64
		{2D67A4CD-5B6B-4F0A-99A5-0B722364A655}.Release|ARM64.Deploy.0 = Release|arm64
		{2D67A4CD-5B6B-4F0A-99A5-0B722364A655}.Release|x64.ActiveCfg = Release|x64
		{2D67A4CD-5B6B-4F0A-99A5-0B722364A655}.Release|x64.Build.0 = Release|x64
		{2D67A4CD-5B6B-4F0A-99A5-0B722364A655}.Release|x64.Deploy.0 = Release|x64
		{2D67A4CD-5B6B-4F0A-99A5-0B722364A655}.Release|x86.ActiveCfg = Release|x86
		{2D67A4CD-5B6B-4F0A-99A5-0B722364A655}.Release|x86.Build.0 = Release|x86
		{2D67A4CD-5B6B-4F0A-99A5-0B722364A655}.Release|x86.Deploy.0 = Release|x86
		{C0E12ED5-AF1B-460F-8DF8-472E9ADEAF2F}.Debug|Any CPU.ActiveCfg = Debug|Any CPU
		{C0E12ED5-AF1B-460F-8DF8-472E9ADEAF2F}.Debug|Any CPU.Build.0 = Debug|Any CPU
		{C0E12ED5-AF1B-460F-8DF8-472E9ADEAF2F}.Debug|ARM64.ActiveCfg = Debug|arm64
		{C0E12ED5-AF1B-460F-8DF8-472E9ADEAF2F}.Debug|ARM64.Build.0 = Debug|arm64
		{C0E12ED5-AF1B-460F-8DF8-472E9ADEAF2F}.Debug|x64.ActiveCfg = Debug|x64
		{C0E12ED5-AF1B-460F-8DF8-472E9ADEAF2F}.Debug|x64.Build.0 = Debug|x64
		{C0E12ED5-AF1B-460F-8DF8-472E9ADEAF2F}.Debug|x86.ActiveCfg = Debug|x86
		{C0E12ED5-AF1B-460F-8DF8-472E9ADEAF2F}.Debug|x86.Build.0 = Debug|x86
		{C0E12ED5-AF1B-460F-8DF8-472E9ADEAF2F}.Release|Any CPU.ActiveCfg = Release|Any CPU
		{C0E12ED5-AF1B-460F-8DF8-472E9ADEAF2F}.Release|Any CPU.Build.0 = Release|Any CPU
		{C0E12ED5-AF1B-460F-8DF8-472E9ADEAF2F}.Release|ARM64.ActiveCfg = Release|arm64
		{C0E12ED5-AF1B-460F-8DF8-472E9ADEAF2F}.Release|ARM64.Build.0 = Release|arm64
		{C0E12ED5-AF1B-460F-8DF8-472E9ADEAF2F}.Release|x64.ActiveCfg = Release|x64
		{C0E12ED5-AF1B-460F-8DF8-472E9ADEAF2F}.Release|x64.Build.0 = Release|x64
		{C0E12ED5-AF1B-460F-8DF8-472E9ADEAF2F}.Release|x86.ActiveCfg = Release|x86
		{C0E12ED5-AF1B-460F-8DF8-472E9ADEAF2F}.Release|x86.Build.0 = Release|x86
	EndGlobalSection
	GlobalSection(SolutionProperties) = preSolution
		HideSolutionNode = FALSE
	EndGlobalSection
	GlobalSection(ExtensibilityGlobals) = postSolution
		SolutionGuid = {1DEC93A7-7AA9-45DC-B93D-4BD59BFA8800}
	EndGlobalSection
EndGlobal
